
Microsoft Visual Studio Solution File, Format Version 12.00
# Visual Studio Version 16
VisualStudioVersion = 16.0.31410.357
MinimumVisualStudioVersion = 10.0.40219.1
Project("{FAE04EC0-301F-11D3-BF4B-00C04F79EFBC}") = "Librarry", "Librarry\Librarry.csproj", "{28352B27-DC0F-4076-865C-7FE2FF266DE5}"
EndProject
Global
	GlobalSection(SolutionConfigurationPlatforms) = preSolution
		Debug|Any CPU = Debug|Any CPU
		Release|Any CPU = Release|Any CPU
	EndGlobalSection
	GlobalSection(ProjectConfigurationPlatforms) = postSolution
		{28352B27-DC0F-4076-865C-7FE2FF266DE5}.Debug|Any CPU.ActiveCfg = Debug|Any CPU
		{28352B27-DC0F-4076-865C-7FE2FF266DE5}.Debug|Any CPU.Build.0 = Debug|Any CPU
		{28352B27-DC0F-4076-865C-7FE2FF266DE5}.Release|Any CPU.ActiveCfg = Release|Any CPU
		{28352B27-DC0F-4076-865C-7FE2FF266DE5}.Release|Any CPU.Build.0 = Release|Any CPU
	EndGlobalSection
	GlobalSection(SolutionProperties) = preSolution
		HideSolutionNode = FALSE
	EndGlobalSection
	GlobalSection(ExtensibilityGlobals) = postSolution
		SolutionGuid = {099ACEEF-2418-47E7-BC9F-A4B5748E6A44}
	EndGlobalSection
EndGlobal
